// !$*UTF8*$!
{
	archiveVersion = 1;
	classes = {
	};
	objectVersion = 46;
	objects = {

/* Begin PBXBuildFile section */
		7E0FA6F11B23CDEB008AA0D6 /* InterfaceController.swift in Sources */ = {isa = PBXBuildFile; fileRef = 7E0FA6F01B23CDEB008AA0D6 /* InterfaceController.swift */; };
		7E0FA6F31B23CDEB008AA0D6 /* NotificationController.swift in Sources */ = {isa = PBXBuildFile; fileRef = 7E0FA6F21B23CDEB008AA0D6 /* NotificationController.swift */; };
		7E0FA6F51B23CDEB008AA0D6 /* Images.xcassets in Resources */ = {isa = PBXBuildFile; fileRef = 7E0FA6F41B23CDEB008AA0D6 /* Images.xcassets */; };
		7E0FA6F91B23CDEB008AA0D6 /* Demo WatchKit App.app in Resources */ = {isa = PBXBuildFile; fileRef = 7E0FA6F81B23CDEB008AA0D6 /* Demo WatchKit App.app */; };
		7E0FA7011B23CDEB008AA0D6 /* Interface.storyboard in Resources */ = {isa = PBXBuildFile; fileRef = 7E0FA6FF1B23CDEB008AA0D6 /* Interface.storyboard */; };
		7E0FA7031B23CDEB008AA0D6 /* Images.xcassets in Resources */ = {isa = PBXBuildFile; fileRef = 7E0FA7021B23CDEB008AA0D6 /* Images.xcassets */; };
		7E0FA7061B23CDEB008AA0D6 /* Demo WatchKit Extension.appex in Embed App Extensions */ = {isa = PBXBuildFile; fileRef = 7E0FA6EB1B23CDEB008AA0D6 /* Demo WatchKit Extension.appex */; settings = {ATTRIBUTES = (RemoveHeadersOnCopy, ); }; };
		7E0FA70F1B23CEB5008AA0D6 /* moa.framework in Embed Frameworks */ = {isa = PBXBuildFile; fileRef = 7EA8EF6F1B072B4300C951C4 /* moa.framework */; settings = {ATTRIBUTES = (CodeSignOnCopy, RemoveHeadersOnCopy, ); }; };
		7E0FA7141B23D203008AA0D6 /* WKInterfaceImage+moa.swift in Sources */ = {isa = PBXBuildFile; fileRef = 7E0FA7131B23D203008AA0D6 /* WKInterfaceImage+moa.swift */; };
		7E0FA7151B23D4A2008AA0D6 /* RandomImageUrl.swift in Sources */ = {isa = PBXBuildFile; fileRef = 7E193F1B1B1160240093CD81 /* RandomImageUrl.swift */; };
		7E0FA7161B23D4EF008AA0D6 /* iiRandom.swift in Sources */ = {isa = PBXBuildFile; fileRef = 7E193F1D1B1160A30093CD81 /* iiRandom.swift */; };
		7E193EEA1B1152D40093CD81 /* AppDelegate.swift in Sources */ = {isa = PBXBuildFile; fileRef = 7E193EE91B1152D40093CD81 /* AppDelegate.swift */; };
		7E193EEC1B1152D40093CD81 /* ViewController.swift in Sources */ = {isa = PBXBuildFile; fileRef = 7E193EEB1B1152D40093CD81 /* ViewController.swift */; };
		7E193EEF1B1152D40093CD81 /* Main.storyboard in Resources */ = {isa = PBXBuildFile; fileRef = 7E193EED1B1152D40093CD81 /* Main.storyboard */; };
		7E193EF11B1152D40093CD81 /* Images.xcassets in Resources */ = {isa = PBXBuildFile; fileRef = 7E193EF01B1152D40093CD81 /* Images.xcassets */; };
		7E193EF41B1152D40093CD81 /* LaunchScreen.xib in Resources */ = {isa = PBXBuildFile; fileRef = 7E193EF21B1152D40093CD81 /* LaunchScreen.xib */; };
		7E193F081B1154930093CD81 /* CollectionViewDataSource.swift in Sources */ = {isa = PBXBuildFile; fileRef = 7E193F071B1154930093CD81 /* CollectionViewDataSource.swift */; };
		7E193F0A1B11559B0093CD81 /* AppConstants.swift in Sources */ = {isa = PBXBuildFile; fileRef = 7E193F091B11559B0093CD81 /* AppConstants.swift */; };
		7E193F0C1B11587D0093CD81 /* CollectionViewCell.swift in Sources */ = {isa = PBXBuildFile; fileRef = 7E193F0B1B11587D0093CD81 /* CollectionViewCell.swift */; };
		7E193F0F1B11596B0093CD81 /* MoaColor.swift in Sources */ = {isa = PBXBuildFile; fileRef = 7E193F0E1B11596B0093CD81 /* MoaColor.swift */; };
		7E193F1C1B1160240093CD81 /* RandomImageUrl.swift in Sources */ = {isa = PBXBuildFile; fileRef = 7E193F1B1B1160240093CD81 /* RandomImageUrl.swift */; };
		7E193F1E1B1160A30093CD81 /* iiRandom.swift in Sources */ = {isa = PBXBuildFile; fileRef = 7E193F1D1B1160A30093CD81 /* iiRandom.swift */; };
		7E30CDFB1B22766700F6258E /* MoaHttpSession.swift in Sources */ = {isa = PBXBuildFile; fileRef = 7EBCC1CB1B1B392700BC9569 /* MoaHttpSession.swift */; };
		7E30CDFC1B22766B00F6258E /* MoaSettings.swift in Sources */ = {isa = PBXBuildFile; fileRef = 7EBCC1C81B1B33AF00BC9569 /* MoaSettings.swift */; };
		7E30CDFD1B22767100F6258E /* MoaSettingsCache.swift in Sources */ = {isa = PBXBuildFile; fileRef = 7EBCC1D11B1B3F2E00BC9569 /* MoaSettingsCache.swift */; };
		7E3694B01B1B430300AABE3F /* MoaSettingsTests.swift in Sources */ = {isa = PBXBuildFile; fileRef = 7E3694AE1B1B430000AABE3F /* MoaSettingsTests.swift */; };
		7E3694B31B1B436600AABE3F /* MoaHttpSessionTests.swift in Sources */ = {isa = PBXBuildFile; fileRef = 7E3694B11B1B433400AABE3F /* MoaHttpSessionTests.swift */; };
		7E3877761B10558E001ADD7E /* concatenate_swift_files.sh in Resources */ = {isa = PBXBuildFile; fileRef = 7E3877751B10558E001ADD7E /* concatenate_swift_files.sh */; };
		7E693F341B1B15D4000E7156 /* launch_screen.png in Resources */ = {isa = PBXBuildFile; fileRef = 7E693F331B1B15D4000E7156 /* launch_screen.png */; };
		7E6FDB581B088E600095C29F /* text.txt in Resources */ = {isa = PBXBuildFile; fileRef = 7E6FDB571B088E600095C29F /* text.txt */; };
		7E7541071B0D3C5100AC0FC7 /* Moa.swift in Sources */ = {isa = PBXBuildFile; fileRef = 7EA8EFA71B0858DD00C951C4 /* Moa.swift */; };
		7E7541081B0D3C5800AC0FC7 /* MoaImageDownloader.swift in Sources */ = {isa = PBXBuildFile; fileRef = 7EA8EFB11B087D4A00C951C4 /* MoaImageDownloader.swift */; };
		7E7541091B0D3C6200AC0FC7 /* MoaHttpImage.swift in Sources */ = {isa = PBXBuildFile; fileRef = 7EA8EFAF1B087A5200C951C4 /* MoaHttpImage.swift */; };
		7E75410A1B0D3C7700AC0FC7 /* MoaHttp.swift in Sources */ = {isa = PBXBuildFile; fileRef = 7EA8EFAD1B08791500C951C4 /* MoaHttp.swift */; };
		7E75410B1B0D3CA300AC0FC7 /* ImageView+moa.swift in Sources */ = {isa = PBXBuildFile; fileRef = 7EA8EF931B08454B00C951C4 /* ImageView+moa.swift */; };
		7E7541101B0D3DB700AC0FC7 /* MoaCancelDownloadTests.swift in Sources */ = {isa = PBXBuildFile; fileRef = 7E75410D1B0D3DB700AC0FC7 /* MoaCancelDownloadTests.swift */; };
		7E7541111B0D3DB700AC0FC7 /* MoaDownloadTests.swift in Sources */ = {isa = PBXBuildFile; fileRef = 7E75410E1B0D3DB700AC0FC7 /* MoaDownloadTests.swift */; };
		7E7541121B0D3DB700AC0FC7 /* MoaWithImageViewTests.swift in Sources */ = {isa = PBXBuildFile; fileRef = 7E75410F1B0D3DB700AC0FC7 /* MoaWithImageViewTests.swift */; };
		7E7541141B0D3DF000AC0FC7 /* MoaHttpTests.swift in Sources */ = {isa = PBXBuildFile; fileRef = 7E7541131B0D3DF000AC0FC7 /* MoaHttpTests.swift */; };
		7E7D251D1B0E8F3500515EE4 /* XCTestCase+eventually.swift in Sources */ = {isa = PBXBuildFile; fileRef = 7E7D251C1B0E8F3500515EE4 /* XCTestCase+eventually.swift */; };
		7E8B43911B23DD180085A9DE /* WKInterfaceImage+moa.swift in Sources */ = {isa = PBXBuildFile; fileRef = 7E0FA7131B23D203008AA0D6 /* WKInterfaceImage+moa.swift */; };
		7E8B43961B23E0DC0085A9DE /* WKInterfaceImage+moa.swift in Sources */ = {isa = PBXBuildFile; fileRef = 7E0FA7131B23D203008AA0D6 /* WKInterfaceImage+moa.swift */; };
		7EA515791B0FF2AB00FEFB07 /* MoaHttpErrors.swift in Sources */ = {isa = PBXBuildFile; fileRef = 7EA515781B0FF2AB00FEFB07 /* MoaHttpErrors.swift */; };
		7EA5157A1B0FF2F600FEFB07 /* MoaHttpErrors.swift in Sources */ = {isa = PBXBuildFile; fileRef = 7EA515781B0FF2AB00FEFB07 /* MoaHttpErrors.swift */; };
		7EA5157C1B0FF46700FEFB07 /* MoaHttpImageTests.swift in Sources */ = {isa = PBXBuildFile; fileRef = 7EA5157B1B0FF46700FEFB07 /* MoaHttpImageTests.swift */; };
		7EA5157E1B0FF6D700FEFB07 /* MoaHttpImageErrors.swift in Sources */ = {isa = PBXBuildFile; fileRef = 7EA5157D1B0FF6D700FEFB07 /* MoaHttpImageErrors.swift */; };
		7EA5157F1B0FF80800FEFB07 /* MoaHttpImageErrors.swift in Sources */ = {isa = PBXBuildFile; fileRef = 7EA5157D1B0FF6D700FEFB07 /* MoaHttpImageErrors.swift */; };
		7EA515811B0FFBED00FEFB07 /* MoaTest.swift in Sources */ = {isa = PBXBuildFile; fileRef = 7EA515801B0FFBED00FEFB07 /* MoaTest.swift */; };
		7EA515831B1002BE00FEFB07 /* MoaImageDownloaderTests.swift in Sources */ = {isa = PBXBuildFile; fileRef = 7EA515821B1002BE00FEFB07 /* MoaImageDownloaderTests.swift */; };
		7EA8EF751B072B4300C951C4 /* Moa.h in Headers */ = {isa = PBXBuildFile; fileRef = 7EA8EF741B072B4300C951C4 /* Moa.h */; settings = {ATTRIBUTES = (Public, ); }; };
		7EA8EF7B1B072B4300C951C4 /* moa.framework in Frameworks */ = {isa = PBXBuildFile; fileRef = 7EA8EF6F1B072B4300C951C4 /* moa.framework */; };
		7EA8EF821B072B4300C951C4 /* UIImageView+moaTests.swift in Sources */ = {isa = PBXBuildFile; fileRef = 7EA8EF811B072B4300C951C4 /* UIImageView+moaTests.swift */; };
		7EA8EF901B07415C00C951C4 /* OHHTTPStubs.framework in Frameworks */ = {isa = PBXBuildFile; fileRef = 7EA8EF8E1B07408800C951C4 /* OHHTTPStubs.framework */; };
		7EA8EF911B07416000C951C4 /* OHHTTPStubs.framework in Resources */ = {isa = PBXBuildFile; fileRef = 7EA8EF8E1B07408800C951C4 /* OHHTTPStubs.framework */; };
		7EA8EF941B08454B00C951C4 /* ImageView+moa.swift in Sources */ = {isa = PBXBuildFile; fileRef = 7EA8EF931B08454B00C951C4 /* ImageView+moa.swift */; };
		7EA8EF991B08481800C951C4 /* MoaString.swift in Sources */ = {isa = PBXBuildFile; fileRef = 7EA8EF981B08481800C951C4 /* MoaString.swift */; };
		7EA8EF9B1B08484000C951C4 /* StubHttp.swift in Sources */ = {isa = PBXBuildFile; fileRef = 7EA8EF9A1B08484000C951C4 /* StubHttp.swift */; };
		7EA8EFA01B084D7D00C951C4 /* MoaTimer.swift in Sources */ = {isa = PBXBuildFile; fileRef = 7EA8EF9F1B084D7D00C951C4 /* MoaTimer.swift */; };
		7EA8EFA81B0858DD00C951C4 /* Moa.swift in Sources */ = {isa = PBXBuildFile; fileRef = 7EA8EFA71B0858DD00C951C4 /* Moa.swift */; };
		7EA8EFAE1B08791500C951C4 /* MoaHttp.swift in Sources */ = {isa = PBXBuildFile; fileRef = 7EA8EFAD1B08791500C951C4 /* MoaHttp.swift */; };
		7EA8EFB01B087A5200C951C4 /* MoaHttpImage.swift in Sources */ = {isa = PBXBuildFile; fileRef = 7EA8EFAF1B087A5200C951C4 /* MoaHttpImage.swift */; };
		7EA8EFB21B087D4A00C951C4 /* MoaImageDownloader.swift in Sources */ = {isa = PBXBuildFile; fileRef = 7EA8EFB11B087D4A00C951C4 /* MoaImageDownloader.swift */; };
		7EBCC1C91B1B33AF00BC9569 /* MoaSettings.swift in Sources */ = {isa = PBXBuildFile; fileRef = 7EBCC1C81B1B33AF00BC9569 /* MoaSettings.swift */; };
		7EBCC1CA1B1B373B00BC9569 /* MoaSettings.swift in Sources */ = {isa = PBXBuildFile; fileRef = 7EBCC1C81B1B33AF00BC9569 /* MoaSettings.swift */; };
		7EBCC1CC1B1B392700BC9569 /* MoaHttpSession.swift in Sources */ = {isa = PBXBuildFile; fileRef = 7EBCC1CB1B1B392700BC9569 /* MoaHttpSession.swift */; };
		7EBCC1CD1B1B3A9E00BC9569 /* MoaHttpSession.swift in Sources */ = {isa = PBXBuildFile; fileRef = 7EBCC1CB1B1B392700BC9569 /* MoaHttpSession.swift */; };
		7EBCC1D01B1B3EE200BC9569 /* MoaSettingsCacheTests.swift in Sources */ = {isa = PBXBuildFile; fileRef = 7EBCC1CE1B1B3EC600BC9569 /* MoaSettingsCacheTests.swift */; };
		7EBCC1D21B1B3F2E00BC9569 /* MoaSettingsCache.swift in Sources */ = {isa = PBXBuildFile; fileRef = 7EBCC1D11B1B3F2E00BC9569 /* MoaSettingsCache.swift */; };
		7EBCC1D31B1B3F9D00BC9569 /* MoaSettingsCache.swift in Sources */ = {isa = PBXBuildFile; fileRef = 7EBCC1D11B1B3F2E00BC9569 /* MoaSettingsCache.swift */; };
		7EE105601B089D9D005C7030 /* 35px.jpg in Resources */ = {isa = PBXBuildFile; fileRef = 7EE1055D1B089D9D005C7030 /* 35px.jpg */; };
		7EE105611B089D9D005C7030 /* 67px.png in Resources */ = {isa = PBXBuildFile; fileRef = 7EE1055E1B089D9D005C7030 /* 67px.png */; };
		7EE105621B089D9D005C7030 /* 96px.png in Resources */ = {isa = PBXBuildFile; fileRef = 7EE1055F1B089D9D005C7030 /* 96px.png */; };
		7EEB25831B116D4D00E606C1 /* moa.framework in Frameworks */ = {isa = PBXBuildFile; fileRef = 7EA8EF6F1B072B4300C951C4 /* moa.framework */; };
		7EEB25841B116D4D00E606C1 /* moa.framework in Embed Frameworks */ = {isa = PBXBuildFile; fileRef = 7EA8EF6F1B072B4300C951C4 /* moa.framework */; settings = {ATTRIBUTES = (CodeSignOnCopy, RemoveHeadersOnCopy, ); }; };
		C417C5121B18929B00ED71BB /* moaosx.h in Headers */ = {isa = PBXBuildFile; fileRef = C417C5111B18929B00ED71BB /* moaosx.h */; settings = {ATTRIBUTES = (Public, ); }; };
		C417C5261B1892C600ED71BB /* Moa.swift in Sources */ = {isa = PBXBuildFile; fileRef = 7EA8EFA71B0858DD00C951C4 /* Moa.swift */; };
		C417C5271B1892C600ED71BB /* MoaHttp.swift in Sources */ = {isa = PBXBuildFile; fileRef = 7EA8EFAD1B08791500C951C4 /* MoaHttp.swift */; };
		C417C5281B1892C600ED71BB /* MoaHttpErrors.swift in Sources */ = {isa = PBXBuildFile; fileRef = 7EA515781B0FF2AB00FEFB07 /* MoaHttpErrors.swift */; };
		C417C5291B1892C600ED71BB /* MoaHttpImage.swift in Sources */ = {isa = PBXBuildFile; fileRef = 7EA8EFAF1B087A5200C951C4 /* MoaHttpImage.swift */; };
		C417C52A1B1892C600ED71BB /* MoaHttpImageErrors.swift in Sources */ = {isa = PBXBuildFile; fileRef = 7EA5157D1B0FF6D700FEFB07 /* MoaHttpImageErrors.swift */; };
		C417C52B1B1892C600ED71BB /* MoaImageDownloader.swift in Sources */ = {isa = PBXBuildFile; fileRef = 7EA8EFB11B087D4A00C951C4 /* MoaImageDownloader.swift */; };
		C417C52C1B18954400ED71BB /* ImageView+moa.swift in Sources */ = {isa = PBXBuildFile; fileRef = 7EA8EF931B08454B00C951C4 /* ImageView+moa.swift */; };
/* End PBXBuildFile section */

/* Begin PBXContainerItemProxy section */
		7E0FA6FA1B23CDEB008AA0D6 /* PBXContainerItemProxy */ = {
			isa = PBXContainerItemProxy;
			containerPortal = 7EA8EF661B072B4300C951C4 /* Project object */;
			proxyType = 1;
			remoteGlobalIDString = 7E0FA6F71B23CDEB008AA0D6;
			remoteInfo = "Demo WatchKit App";
		};
		7E0FA7041B23CDEB008AA0D6 /* PBXContainerItemProxy */ = {
			isa = PBXContainerItemProxy;
			containerPortal = 7EA8EF661B072B4300C951C4 /* Project object */;
			proxyType = 1;
			remoteGlobalIDString = 7E0FA6EA1B23CDEB008AA0D6;
			remoteInfo = "Demo WatchKit Extension";
		};
		7E0FA7101B23CEB5008AA0D6 /* PBXContainerItemProxy */ = {
			isa = PBXContainerItemProxy;
			containerPortal = 7EA8EF661B072B4300C951C4 /* Project object */;
			proxyType = 1;
			remoteGlobalIDString = 7EA8EF6E1B072B4300C951C4;
			remoteInfo = moa;
		};
		7EA8EF7C1B072B4300C951C4 /* PBXContainerItemProxy */ = {
			isa = PBXContainerItemProxy;
			containerPortal = 7EA8EF661B072B4300C951C4 /* Project object */;
			proxyType = 1;
			remoteGlobalIDString = 7EA8EF6E1B072B4300C951C4;
			remoteInfo = Moa;
		};
		7EEB257F1B116CCC00E606C1 /* PBXContainerItemProxy */ = {
			isa = PBXContainerItemProxy;
			containerPortal = 7EA8EF661B072B4300C951C4 /* Project object */;
			proxyType = 1;
			remoteGlobalIDString = 7EA8EF6E1B072B4300C951C4;
			remoteInfo = moa;
		};
/* End PBXContainerItemProxy section */

/* Begin PBXCopyFilesBuildPhase section */
		7E0FA70D1B23CDEB008AA0D6 /* Embed App Extensions */ = {
			isa = PBXCopyFilesBuildPhase;
			buildActionMask = 2147483647;
			dstPath = "";
			dstSubfolderSpec = 13;
			files = (
				7E0FA7061B23CDEB008AA0D6 /* Demo WatchKit Extension.appex in Embed App Extensions */,
			);
			name = "Embed App Extensions";
			runOnlyForDeploymentPostprocessing = 0;
		};
		7E0FA7121B23CEB5008AA0D6 /* Embed Frameworks */ = {
			isa = PBXCopyFilesBuildPhase;
			buildActionMask = 2147483647;
			dstPath = "";
			dstSubfolderSpec = 10;
			files = (
				7E0FA70F1B23CEB5008AA0D6 /* moa.framework in Embed Frameworks */,
			);
			name = "Embed Frameworks";
			runOnlyForDeploymentPostprocessing = 0;
		};
		7EEB25851B116D4D00E606C1 /* Embed Frameworks */ = {
			isa = PBXCopyFilesBuildPhase;
			buildActionMask = 2147483647;
			dstPath = "";
			dstSubfolderSpec = 10;
			files = (
				7EEB25841B116D4D00E606C1 /* moa.framework in Embed Frameworks */,
			);
			name = "Embed Frameworks";
			runOnlyForDeploymentPostprocessing = 0;
		};
/* End PBXCopyFilesBuildPhase section */

/* Begin PBXFileReference section */
		7E0FA6EB1B23CDEB008AA0D6 /* Demo WatchKit Extension.appex */ = {isa = PBXFileReference; explicitFileType = "wrapper.app-extension"; includeInIndex = 0; path = "Demo WatchKit Extension.appex"; sourceTree = BUILT_PRODUCTS_DIR; };
		7E0FA6EE1B23CDEB008AA0D6 /* Info.plist */ = {isa = PBXFileReference; lastKnownFileType = text.plist.xml; path = Info.plist; sourceTree = "<group>"; };
		7E0FA6EF1B23CDEB008AA0D6 /* PushNotificationPayload.apns */ = {isa = PBXFileReference; lastKnownFileType = text; path = PushNotificationPayload.apns; sourceTree = "<group>"; };
		7E0FA6F01B23CDEB008AA0D6 /* InterfaceController.swift */ = {isa = PBXFileReference; lastKnownFileType = sourcecode.swift; path = InterfaceController.swift; sourceTree = "<group>"; };
		7E0FA6F21B23CDEB008AA0D6 /* NotificationController.swift */ = {isa = PBXFileReference; lastKnownFileType = sourcecode.swift; path = NotificationController.swift; sourceTree = "<group>"; };
		7E0FA6F41B23CDEB008AA0D6 /* Images.xcassets */ = {isa = PBXFileReference; lastKnownFileType = folder.assetcatalog; path = Images.xcassets; sourceTree = "<group>"; };
		7E0FA6F81B23CDEB008AA0D6 /* Demo WatchKit App.app */ = {isa = PBXFileReference; explicitFileType = wrapper.application; includeInIndex = 0; path = "Demo WatchKit App.app"; sourceTree = BUILT_PRODUCTS_DIR; };
		7E0FA6FE1B23CDEB008AA0D6 /* Info.plist */ = {isa = PBXFileReference; lastKnownFileType = text.plist.xml; path = Info.plist; sourceTree = "<group>"; };
		7E0FA7001B23CDEB008AA0D6 /* Base */ = {isa = PBXFileReference; lastKnownFileType = file.storyboard; name = Base; path = Base.lproj/Interface.storyboard; sourceTree = "<group>"; };
		7E0FA7021B23CDEB008AA0D6 /* Images.xcassets */ = {isa = PBXFileReference; lastKnownFileType = folder.assetcatalog; path = Images.xcassets; sourceTree = "<group>"; };
		7E0FA7131B23D203008AA0D6 /* WKInterfaceImage+moa.swift */ = {isa = PBXFileReference; fileEncoding = 4; lastKnownFileType = sourcecode.swift; path = "WKInterfaceImage+moa.swift"; sourceTree = "<group>"; };
		7E193EE51B1152D40093CD81 /* Demo.app */ = {isa = PBXFileReference; explicitFileType = wrapper.application; includeInIndex = 0; path = Demo.app; sourceTree = BUILT_PRODUCTS_DIR; };
		7E193EE81B1152D40093CD81 /* Info.plist */ = {isa = PBXFileReference; lastKnownFileType = text.plist.xml; path = Info.plist; sourceTree = "<group>"; };
		7E193EE91B1152D40093CD81 /* AppDelegate.swift */ = {isa = PBXFileReference; lastKnownFileType = sourcecode.swift; path = AppDelegate.swift; sourceTree = "<group>"; };
		7E193EEB1B1152D40093CD81 /* ViewController.swift */ = {isa = PBXFileReference; lastKnownFileType = sourcecode.swift; path = ViewController.swift; sourceTree = "<group>"; };
		7E193EEE1B1152D40093CD81 /* Base */ = {isa = PBXFileReference; lastKnownFileType = file.storyboard; name = Base; path = Base.lproj/Main.storyboard; sourceTree = "<group>"; };
		7E193EF01B1152D40093CD81 /* Images.xcassets */ = {isa = PBXFileReference; lastKnownFileType = folder.assetcatalog; path = Images.xcassets; sourceTree = "<group>"; };
		7E193EF31B1152D40093CD81 /* Base */ = {isa = PBXFileReference; lastKnownFileType = file.xib; name = Base; path = Base.lproj/LaunchScreen.xib; sourceTree = "<group>"; };
		7E193F071B1154930093CD81 /* CollectionViewDataSource.swift */ = {isa = PBXFileReference; fileEncoding = 4; lastKnownFileType = sourcecode.swift; path = CollectionViewDataSource.swift; sourceTree = "<group>"; };
		7E193F091B11559B0093CD81 /* AppConstants.swift */ = {isa = PBXFileReference; fileEncoding = 4; lastKnownFileType = sourcecode.swift; path = AppConstants.swift; sourceTree = "<group>"; };
		7E193F0B1B11587D0093CD81 /* CollectionViewCell.swift */ = {isa = PBXFileReference; fileEncoding = 4; lastKnownFileType = sourcecode.swift; path = CollectionViewCell.swift; sourceTree = "<group>"; };
		7E193F0E1B11596B0093CD81 /* MoaColor.swift */ = {isa = PBXFileReference; fileEncoding = 4; lastKnownFileType = sourcecode.swift; path = MoaColor.swift; sourceTree = "<group>"; };
		7E193F1B1B1160240093CD81 /* RandomImageUrl.swift */ = {isa = PBXFileReference; fileEncoding = 4; lastKnownFileType = sourcecode.swift; path = RandomImageUrl.swift; sourceTree = "<group>"; };
		7E193F1D1B1160A30093CD81 /* iiRandom.swift */ = {isa = PBXFileReference; fileEncoding = 4; lastKnownFileType = sourcecode.swift; path = iiRandom.swift; sourceTree = "<group>"; };
		7E3694AE1B1B430000AABE3F /* MoaSettingsTests.swift */ = {isa = PBXFileReference; fileEncoding = 4; lastKnownFileType = sourcecode.swift; path = MoaSettingsTests.swift; sourceTree = "<group>"; };
		7E3694B11B1B433400AABE3F /* MoaHttpSessionTests.swift */ = {isa = PBXFileReference; fileEncoding = 4; lastKnownFileType = sourcecode.swift; path = MoaHttpSessionTests.swift; sourceTree = "<group>"; };
		7E3877751B10558E001ADD7E /* concatenate_swift_files.sh */ = {isa = PBXFileReference; fileEncoding = 4; lastKnownFileType = text.script.sh; path = concatenate_swift_files.sh; sourceTree = "<group>"; };
		7E3877771B1055CB001ADD7E /* MoaDistrib.swift */ = {isa = PBXFileReference; fileEncoding = 4; lastKnownFileType = sourcecode.swift; path = MoaDistrib.swift; sourceTree = "<group>"; };
		7E693F331B1B15D4000E7156 /* launch_screen.png */ = {isa = PBXFileReference; lastKnownFileType = image.png; name = launch_screen.png; path = Graphics/launch_screen.png; sourceTree = SOURCE_ROOT; };
		7E6FDB571B088E600095C29F /* text.txt */ = {isa = PBXFileReference; fileEncoding = 4; lastKnownFileType = text; path = text.txt; sourceTree = "<group>"; };
		7E75410D1B0D3DB700AC0FC7 /* MoaCancelDownloadTests.swift */ = {isa = PBXFileReference; fileEncoding = 4; lastKnownFileType = sourcecode.swift; path = MoaCancelDownloadTests.swift; sourceTree = "<group>"; };
		7E75410E1B0D3DB700AC0FC7 /* MoaDownloadTests.swift */ = {isa = PBXFileReference; fileEncoding = 4; lastKnownFileType = sourcecode.swift; path = MoaDownloadTests.swift; sourceTree = "<group>"; };
		7E75410F1B0D3DB700AC0FC7 /* MoaWithImageViewTests.swift */ = {isa = PBXFileReference; fileEncoding = 4; lastKnownFileType = sourcecode.swift; path = MoaWithImageViewTests.swift; sourceTree = "<group>"; };
		7E7541131B0D3DF000AC0FC7 /* MoaHttpTests.swift */ = {isa = PBXFileReference; fileEncoding = 4; lastKnownFileType = sourcecode.swift; path = MoaHttpTests.swift; sourceTree = "<group>"; };
		7E7D251C1B0E8F3500515EE4 /* XCTestCase+eventually.swift */ = {isa = PBXFileReference; fileEncoding = 4; lastKnownFileType = sourcecode.swift; path = "XCTestCase+eventually.swift"; sourceTree = "<group>"; };
		7EA515781B0FF2AB00FEFB07 /* MoaHttpErrors.swift */ = {isa = PBXFileReference; fileEncoding = 4; lastKnownFileType = sourcecode.swift; path = MoaHttpErrors.swift; sourceTree = "<group>"; };
		7EA5157B1B0FF46700FEFB07 /* MoaHttpImageTests.swift */ = {isa = PBXFileReference; fileEncoding = 4; lastKnownFileType = sourcecode.swift; path = MoaHttpImageTests.swift; sourceTree = "<group>"; };
		7EA5157D1B0FF6D700FEFB07 /* MoaHttpImageErrors.swift */ = {isa = PBXFileReference; fileEncoding = 4; lastKnownFileType = sourcecode.swift; path = MoaHttpImageErrors.swift; sourceTree = "<group>"; };
		7EA515801B0FFBED00FEFB07 /* MoaTest.swift */ = {isa = PBXFileReference; fileEncoding = 4; lastKnownFileType = sourcecode.swift; path = MoaTest.swift; sourceTree = "<group>"; };
		7EA515821B1002BE00FEFB07 /* MoaImageDownloaderTests.swift */ = {isa = PBXFileReference; fileEncoding = 4; lastKnownFileType = sourcecode.swift; path = MoaImageDownloaderTests.swift; sourceTree = "<group>"; };
		7EA8EF6F1B072B4300C951C4 /* moa.framework */ = {isa = PBXFileReference; explicitFileType = wrapper.framework; includeInIndex = 0; path = moa.framework; sourceTree = BUILT_PRODUCTS_DIR; };
		7EA8EF731B072B4300C951C4 /* Info.plist */ = {isa = PBXFileReference; lastKnownFileType = text.plist.xml; path = Info.plist; sourceTree = "<group>"; };
		7EA8EF741B072B4300C951C4 /* Moa.h */ = {isa = PBXFileReference; lastKnownFileType = sourcecode.c.h; path = Moa.h; sourceTree = "<group>"; };
		7EA8EF7A1B072B4300C951C4 /* moaTests.xctest */ = {isa = PBXFileReference; explicitFileType = wrapper.cfbundle; includeInIndex = 0; path = moaTests.xctest; sourceTree = BUILT_PRODUCTS_DIR; };
		7EA8EF801B072B4300C951C4 /* Info.plist */ = {isa = PBXFileReference; lastKnownFileType = text.plist.xml; path = Info.plist; sourceTree = "<group>"; };
		7EA8EF811B072B4300C951C4 /* UIImageView+moaTests.swift */ = {isa = PBXFileReference; lastKnownFileType = sourcecode.swift; path = "UIImageView+moaTests.swift"; sourceTree = "<group>"; };
		7EA8EF8E1B07408800C951C4 /* OHHTTPStubs.framework */ = {isa = PBXFileReference; lastKnownFileType = wrapper.framework; name = OHHTTPStubs.framework; path = Carthage/Build/iOS/OHHTTPStubs.framework; sourceTree = SOURCE_ROOT; };
		7EA8EF931B08454B00C951C4 /* ImageView+moa.swift */ = {isa = PBXFileReference; fileEncoding = 4; lastKnownFileType = sourcecode.swift; path = "ImageView+moa.swift"; sourceTree = "<group>"; };
		7EA8EF981B08481800C951C4 /* MoaString.swift */ = {isa = PBXFileReference; fileEncoding = 4; lastKnownFileType = sourcecode.swift; path = MoaString.swift; sourceTree = "<group>"; };
		7EA8EF9A1B08484000C951C4 /* StubHttp.swift */ = {isa = PBXFileReference; fileEncoding = 4; lastKnownFileType = sourcecode.swift; path = StubHttp.swift; sourceTree = "<group>"; };
		7EA8EF9F1B084D7D00C951C4 /* MoaTimer.swift */ = {isa = PBXFileReference; fileEncoding = 4; lastKnownFileType = sourcecode.swift; path = MoaTimer.swift; sourceTree = "<group>"; };
		7EA8EFA71B0858DD00C951C4 /* Moa.swift */ = {isa = PBXFileReference; fileEncoding = 4; lastKnownFileType = sourcecode.swift; path = Moa.swift; sourceTree = "<group>"; };
		7EA8EFAD1B08791500C951C4 /* MoaHttp.swift */ = {isa = PBXFileReference; fileEncoding = 4; lastKnownFileType = sourcecode.swift; path = MoaHttp.swift; sourceTree = "<group>"; };
		7EA8EFAF1B087A5200C951C4 /* MoaHttpImage.swift */ = {isa = PBXFileReference; fileEncoding = 4; lastKnownFileType = sourcecode.swift; path = MoaHttpImage.swift; sourceTree = "<group>"; };
		7EA8EFB11B087D4A00C951C4 /* MoaImageDownloader.swift */ = {isa = PBXFileReference; fileEncoding = 4; lastKnownFileType = sourcecode.swift; path = MoaImageDownloader.swift; sourceTree = "<group>"; };
		7EBCC1C81B1B33AF00BC9569 /* MoaSettings.swift */ = {isa = PBXFileReference; fileEncoding = 4; lastKnownFileType = sourcecode.swift; path = MoaSettings.swift; sourceTree = "<group>"; };
		7EBCC1CB1B1B392700BC9569 /* MoaHttpSession.swift */ = {isa = PBXFileReference; fileEncoding = 4; lastKnownFileType = sourcecode.swift; path = MoaHttpSession.swift; sourceTree = "<group>"; };
		7EBCC1CE1B1B3EC600BC9569 /* MoaSettingsCacheTests.swift */ = {isa = PBXFileReference; fileEncoding = 4; lastKnownFileType = sourcecode.swift; path = MoaSettingsCacheTests.swift; sourceTree = "<group>"; };
		7EBCC1D11B1B3F2E00BC9569 /* MoaSettingsCache.swift */ = {isa = PBXFileReference; fileEncoding = 4; lastKnownFileType = sourcecode.swift; path = MoaSettingsCache.swift; sourceTree = "<group>"; };
		7EE1055D1B089D9D005C7030 /* 35px.jpg */ = {isa = PBXFileReference; lastKnownFileType = image.jpeg; path = 35px.jpg; sourceTree = "<group>"; };
		7EE1055E1B089D9D005C7030 /* 67px.png */ = {isa = PBXFileReference; lastKnownFileType = image.png; path = 67px.png; sourceTree = "<group>"; };
		7EE1055F1B089D9D005C7030 /* 96px.png */ = {isa = PBXFileReference; lastKnownFileType = image.png; path = 96px.png; sourceTree = "<group>"; };
		C417C50D1B18929B00ED71BB /* moa.framework */ = {isa = PBXFileReference; explicitFileType = wrapper.framework; includeInIndex = 0; path = moa.framework; sourceTree = BUILT_PRODUCTS_DIR; };
		C417C5101B18929B00ED71BB /* Info.plist */ = {isa = PBXFileReference; lastKnownFileType = text.plist.xml; path = Info.plist; sourceTree = "<group>"; };
		C417C5111B18929B00ED71BB /* moaosx.h */ = {isa = PBXFileReference; lastKnownFileType = sourcecode.c.h; path = moaosx.h; sourceTree = "<group>"; };
/* End PBXFileReference section */

/* Begin PBXFrameworksBuildPhase section */
		7E0FA6E81B23CDEB008AA0D6 /* Frameworks */ = {
			isa = PBXFrameworksBuildPhase;
			buildActionMask = 2147483647;
			files = (
			);
			runOnlyForDeploymentPostprocessing = 0;
		};
		7E193EE21B1152D40093CD81 /* Frameworks */ = {
			isa = PBXFrameworksBuildPhase;
			buildActionMask = 2147483647;
			files = (
				7EEB25831B116D4D00E606C1 /* moa.framework in Frameworks */,
			);
			runOnlyForDeploymentPostprocessing = 0;
		};
		7EA8EF6B1B072B4300C951C4 /* Frameworks */ = {
			isa = PBXFrameworksBuildPhase;
			buildActionMask = 2147483647;
			files = (
			);
			runOnlyForDeploymentPostprocessing = 0;
		};
		7EA8EF771B072B4300C951C4 /* Frameworks */ = {
			isa = PBXFrameworksBuildPhase;
			buildActionMask = 2147483647;
			files = (
				7EA8EF7B1B072B4300C951C4 /* moa.framework in Frameworks */,
				7EA8EF901B07415C00C951C4 /* OHHTTPStubs.framework in Frameworks */,
			);
			runOnlyForDeploymentPostprocessing = 0;
		};
		C417C5091B18929B00ED71BB /* Frameworks */ = {
			isa = PBXFrameworksBuildPhase;
			buildActionMask = 2147483647;
			files = (
			);
			runOnlyForDeploymentPostprocessing = 0;
		};
/* End PBXFrameworksBuildPhase section */

/* Begin PBXGroup section */
		7E0FA6EC1B23CDEB008AA0D6 /* Demo WatchKit Extension */ = {
			isa = PBXGroup;
			children = (
				7E0FA6F01B23CDEB008AA0D6 /* InterfaceController.swift */,
				7E0FA6F21B23CDEB008AA0D6 /* NotificationController.swift */,
				7E0FA6F41B23CDEB008AA0D6 /* Images.xcassets */,
				7E0FA6ED1B23CDEB008AA0D6 /* Supporting Files */,
			);
			path = "Demo WatchKit Extension";
			sourceTree = "<group>";
		};
		7E0FA6ED1B23CDEB008AA0D6 /* Supporting Files */ = {
			isa = PBXGroup;
			children = (
				7E0FA6EE1B23CDEB008AA0D6 /* Info.plist */,
				7E0FA6EF1B23CDEB008AA0D6 /* PushNotificationPayload.apns */,
			);
			name = "Supporting Files";
			sourceTree = "<group>";
		};
		7E0FA6FC1B23CDEB008AA0D6 /* Demo WatchKit App */ = {
			isa = PBXGroup;
			children = (
				7E0FA6FF1B23CDEB008AA0D6 /* Interface.storyboard */,
				7E0FA7021B23CDEB008AA0D6 /* Images.xcassets */,
				7E0FA6FD1B23CDEB008AA0D6 /* Supporting Files */,
			);
			path = "Demo WatchKit App";
			sourceTree = "<group>";
		};
		7E0FA6FD1B23CDEB008AA0D6 /* Supporting Files */ = {
			isa = PBXGroup;
			children = (
				7E0FA6FE1B23CDEB008AA0D6 /* Info.plist */,
			);
			name = "Supporting Files";
			sourceTree = "<group>";
		};
		7E193EE61B1152D40093CD81 /* Demo */ = {
			isa = PBXGroup;
			children = (
				7E2BAD511B1B01D500A6EAE1 /* Image */,
				7E193F0D1B11595E0093CD81 /* Utils */,
				7E193F091B11559B0093CD81 /* AppConstants.swift */,
				7E193EE91B1152D40093CD81 /* AppDelegate.swift */,
				7E193F071B1154930093CD81 /* CollectionViewDataSource.swift */,
				7E193F0B1B11587D0093CD81 /* CollectionViewCell.swift */,
				7E193F1B1B1160240093CD81 /* RandomImageUrl.swift */,
				7E193EEB1B1152D40093CD81 /* ViewController.swift */,
				7E193EED1B1152D40093CD81 /* Main.storyboard */,
				7E193EF01B1152D40093CD81 /* Images.xcassets */,
				7E193EF21B1152D40093CD81 /* LaunchScreen.xib */,
				7E193EE71B1152D40093CD81 /* Supporting Files */,
			);
			path = Demo;
			sourceTree = "<group>";
		};
		7E193EE71B1152D40093CD81 /* Supporting Files */ = {
			isa = PBXGroup;
			children = (
				7E193EE81B1152D40093CD81 /* Info.plist */,
			);
			name = "Supporting Files";
			sourceTree = "<group>";
		};
		7E193F0D1B11595E0093CD81 /* Utils */ = {
			isa = PBXGroup;
			children = (
				7E193F1D1B1160A30093CD81 /* iiRandom.swift */,
				7E193F0E1B11596B0093CD81 /* MoaColor.swift */,
			);
			path = Utils;
			sourceTree = "<group>";
		};
		7E2BAD511B1B01D500A6EAE1 /* Image */ = {
			isa = PBXGroup;
			children = (
				7E693F331B1B15D4000E7156 /* launch_screen.png */,
			);
			path = Image;
			sourceTree = "<group>";
		};
		7E3877731B105566001ADD7E /* Distrib */ = {
			isa = PBXGroup;
			children = (
				7E3877771B1055CB001ADD7E /* MoaDistrib.swift */,
			);
			path = Distrib;
			sourceTree = "<group>";
		};
		7E3877741B10558E001ADD7E /* scripts */ = {
			isa = PBXGroup;
			children = (
				7E3877751B10558E001ADD7E /* concatenate_swift_files.sh */,
			);
			path = scripts;
			sourceTree = "<group>";
		};
		7E6FDB561B088E550095C29F /* Data */ = {
			isa = PBXGroup;
			children = (
				7E6FDB571B088E600095C29F /* text.txt */,
			);
			path = Data;
			sourceTree = "<group>";
		};
		7E75410C1B0D3DA500AC0FC7 /* Moa */ = {
			isa = PBXGroup;
			children = (
				7E75410D1B0D3DB700AC0FC7 /* MoaCancelDownloadTests.swift */,
				7E75410E1B0D3DB700AC0FC7 /* MoaDownloadTests.swift */,
				7E75410F1B0D3DB700AC0FC7 /* MoaWithImageViewTests.swift */,
			);
			path = Moa;
			sourceTree = "<group>";
		};
		7EA8EF651B072B4300C951C4 = {
			isa = PBXGroup;
			children = (
				7E3877731B105566001ADD7E /* Distrib */,
				7EA8EF8B1B07406600C951C4 /* Frameworks */,
				7EA8EF711B072B4300C951C4 /* Moa */,
				7EA8EF7E1B072B4300C951C4 /* MoaTests */,
				7E193EE61B1152D40093CD81 /* Demo */,
				7E0FA6EC1B23CDEB008AA0D6 /* Demo WatchKit Extension */,
				7E0FA6FC1B23CDEB008AA0D6 /* Demo WatchKit App */,
				C417C50E1B18929B00ED71BB /* OSX */,
				7EA8EF701B072B4300C951C4 /* Products */,
				7E3877741B10558E001ADD7E /* scripts */,
			);
			indentWidth = 2;
			sourceTree = "<group>";
			tabWidth = 2;
		};
		7EA8EF701B072B4300C951C4 /* Products */ = {
			isa = PBXGroup;
			children = (
				7EA8EF6F1B072B4300C951C4 /* moa.framework */,
				7EA8EF7A1B072B4300C951C4 /* moaTests.xctest */,
				7E193EE51B1152D40093CD81 /* Demo.app */,
				C417C50D1B18929B00ED71BB /* moa.framework */,
				7E0FA6EB1B23CDEB008AA0D6 /* Demo WatchKit Extension.appex */,
				7E0FA6F81B23CDEB008AA0D6 /* Demo WatchKit App.app */,
			);
			name = Products;
			sourceTree = "<group>";
		};
		7EA8EF711B072B4300C951C4 /* Moa */ = {
			isa = PBXGroup;
			children = (
				7EA8EFA71B0858DD00C951C4 /* Moa.swift */,
				7EA8EFAD1B08791500C951C4 /* MoaHttp.swift */,
				7EA515781B0FF2AB00FEFB07 /* MoaHttpErrors.swift */,
				7EA8EFAF1B087A5200C951C4 /* MoaHttpImage.swift */,
				7EA5157D1B0FF6D700FEFB07 /* MoaHttpImageErrors.swift */,
				7EBCC1CB1B1B392700BC9569 /* MoaHttpSession.swift */,
				7EA8EFB11B087D4A00C951C4 /* MoaImageDownloader.swift */,
				7EBCC1C81B1B33AF00BC9569 /* MoaSettings.swift */,
				7EBCC1D11B1B3F2E00BC9569 /* MoaSettingsCache.swift */,
				7EA8EF931B08454B00C951C4 /* ImageView+moa.swift */,
				7E0FA7131B23D203008AA0D6 /* WKInterfaceImage+moa.swift */,
				7EA8EF741B072B4300C951C4 /* Moa.h */,
				7EA8EF721B072B4300C951C4 /* Supporting Files */,
			);
			path = Moa;
			sourceTree = "<group>";
		};
		7EA8EF721B072B4300C951C4 /* Supporting Files */ = {
			isa = PBXGroup;
			children = (
				7EA8EF731B072B4300C951C4 /* Info.plist */,
			);
			name = "Supporting Files";
			sourceTree = "<group>";
		};
		7EA8EF7E1B072B4300C951C4 /* MoaTests */ = {
			isa = PBXGroup;
			children = (
				7E75410C1B0D3DA500AC0FC7 /* Moa */,
				7E6FDB561B088E550095C29F /* Data */,
				7EA8EF9C1B08490D00C951C4 /* Images */,
				7EA8EF971B08480700C951C4 /* Helpers */,
				7EBCC1CE1B1B3EC600BC9569 /* MoaSettingsCacheTests.swift */,
				7E3694AE1B1B430000AABE3F /* MoaSettingsTests.swift */,
				7E7541131B0D3DF000AC0FC7 /* MoaHttpTests.swift */,
				7EA5157B1B0FF46700FEFB07 /* MoaHttpImageTests.swift */,
				7E3694B11B1B433400AABE3F /* MoaHttpSessionTests.swift */,
				7EA515821B1002BE00FEFB07 /* MoaImageDownloaderTests.swift */,
				7EA8EF811B072B4300C951C4 /* UIImageView+moaTests.swift */,
				7EA8EF7F1B072B4300C951C4 /* Supporting Files */,
			);
			path = MoaTests;
			sourceTree = "<group>";
		};
		7EA8EF7F1B072B4300C951C4 /* Supporting Files */ = {
			isa = PBXGroup;
			children = (
				7EA8EF801B072B4300C951C4 /* Info.plist */,
			);
			name = "Supporting Files";
			sourceTree = "<group>";
		};
		7EA8EF8B1B07406600C951C4 /* Frameworks */ = {
			isa = PBXGroup;
			children = (
				7EA8EF8E1B07408800C951C4 /* OHHTTPStubs.framework */,
			);
			path = Frameworks;
			sourceTree = "<group>";
		};
		7EA8EF971B08480700C951C4 /* Helpers */ = {
			isa = PBXGroup;
			children = (
				7EA8EF981B08481800C951C4 /* MoaString.swift */,
				7EA515801B0FFBED00FEFB07 /* MoaTest.swift */,
				7EA8EF9F1B084D7D00C951C4 /* MoaTimer.swift */,
				7EA8EF9A1B08484000C951C4 /* StubHttp.swift */,
				7E7D251C1B0E8F3500515EE4 /* XCTestCase+eventually.swift */,
			);
			path = Helpers;
			sourceTree = "<group>";
		};
		7EA8EF9C1B08490D00C951C4 /* Images */ = {
			isa = PBXGroup;
			children = (
				7EE1055D1B089D9D005C7030 /* 35px.jpg */,
				7EE1055E1B089D9D005C7030 /* 67px.png */,
				7EE1055F1B089D9D005C7030 /* 96px.png */,
			);
			path = Images;
			sourceTree = "<group>";
		};
		C417C50E1B18929B00ED71BB /* OSX */ = {
			isa = PBXGroup;
			children = (
				C417C5111B18929B00ED71BB /* moaosx.h */,
				C417C50F1B18929B00ED71BB /* Supporting Files */,
			);
			name = OSX;
			path = moaosx;
			sourceTree = "<group>";
		};
		C417C50F1B18929B00ED71BB /* Supporting Files */ = {
			isa = PBXGroup;
			children = (
				C417C5101B18929B00ED71BB /* Info.plist */,
			);
			name = "Supporting Files";
			sourceTree = "<group>";
		};
/* End PBXGroup section */

/* Begin PBXHeadersBuildPhase section */
		7EA8EF6C1B072B4300C951C4 /* Headers */ = {
			isa = PBXHeadersBuildPhase;
			buildActionMask = 2147483647;
			files = (
				7EA8EF751B072B4300C951C4 /* Moa.h in Headers */,
			);
			runOnlyForDeploymentPostprocessing = 0;
		};
		C417C50A1B18929B00ED71BB /* Headers */ = {
			isa = PBXHeadersBuildPhase;
			buildActionMask = 2147483647;
			files = (
				C417C5121B18929B00ED71BB /* moaosx.h in Headers */,
			);
			runOnlyForDeploymentPostprocessing = 0;
		};
/* End PBXHeadersBuildPhase section */

/* Begin PBXLegacyTarget section */
		C417C52D1B18962D00ED71BB /* concatenate_swift_files */ = {
			isa = PBXLegacyTarget;
			buildArgumentsString = "$PROJECT_DIR/Moa $PROJECT_DIR/Distrib/MoaDistrib.swift \"//\n// Image downloader written in Swift for iOS and OS X.\n//\n// https://github.com/evgenyneu/moa\n//\n// This file was automatically generated by combining multiple Swift source files.\n//\"";
			buildConfigurationList = C417C52E1B18962D00ED71BB /* Build configuration list for PBXLegacyTarget "concatenate_swift_files" */;
			buildPhases = (
			);
			buildToolPath = $PROJECT_DIR/scripts/concatenate_swift_files.sh;
			buildWorkingDirectory = "";
			dependencies = (
			);
			name = concatenate_swift_files;
			passBuildSettingsInEnvironment = 1;
			productName = concatenate_swift_files;
		};
/* End PBXLegacyTarget section */

/* Begin PBXNativeTarget section */
		7E0FA6EA1B23CDEB008AA0D6 /* Demo WatchKit Extension */ = {
			isa = PBXNativeTarget;
			buildConfigurationList = 7E0FA70C1B23CDEB008AA0D6 /* Build configuration list for PBXNativeTarget "Demo WatchKit Extension" */;
			buildPhases = (
				7E0FA6E71B23CDEB008AA0D6 /* Sources */,
				7E0FA6E81B23CDEB008AA0D6 /* Frameworks */,
				7E0FA6E91B23CDEB008AA0D6 /* Resources */,
				7E0FA7121B23CEB5008AA0D6 /* Embed Frameworks */,
			);
			buildRules = (
			);
			dependencies = (
				7E0FA6FB1B23CDEB008AA0D6 /* PBXTargetDependency */,
				7E0FA7111B23CEB5008AA0D6 /* PBXTargetDependency */,
			);
			name = "Demo WatchKit Extension";
			productName = "Demo WatchKit Extension";
			productReference = 7E0FA6EB1B23CDEB008AA0D6 /* Demo WatchKit Extension.appex */;
			productType = "com.apple.product-type.watchkit-extension";
		};
		7E0FA6F71B23CDEB008AA0D6 /* Demo WatchKit App */ = {
			isa = PBXNativeTarget;
			buildConfigurationList = 7E0FA70B1B23CDEB008AA0D6 /* Build configuration list for PBXNativeTarget "Demo WatchKit App" */;
			buildPhases = (
				7E0FA6F61B23CDEB008AA0D6 /* Resources */,
			);
			buildRules = (
			);
			dependencies = (
			);
			name = "Demo WatchKit App";
			productName = "Demo WatchKit App";
			productReference = 7E0FA6F81B23CDEB008AA0D6 /* Demo WatchKit App.app */;
			productType = "com.apple.product-type.application.watchapp";
		};
		7E193EE41B1152D40093CD81 /* Demo */ = {
			isa = PBXNativeTarget;
			buildConfigurationList = 7E193F051B1152D40093CD81 /* Build configuration list for PBXNativeTarget "Demo" */;
			buildPhases = (
				7E193EE11B1152D40093CD81 /* Sources */,
				7E193EE21B1152D40093CD81 /* Frameworks */,
				7E193EE31B1152D40093CD81 /* Resources */,
				7EEB25851B116D4D00E606C1 /* Embed Frameworks */,
				7E0FA70D1B23CDEB008AA0D6 /* Embed App Extensions */,
			);
			buildRules = (
			);
			dependencies = (
				7EEB25801B116CCC00E606C1 /* PBXTargetDependency */,
				7E0FA7051B23CDEB008AA0D6 /* PBXTargetDependency */,
			);
			name = Demo;
			productName = Demo;
			productReference = 7E193EE51B1152D40093CD81 /* Demo.app */;
			productType = "com.apple.product-type.application";
		};
		7EA8EF6E1B072B4300C951C4 /* moa */ = {
			isa = PBXNativeTarget;
			buildConfigurationList = 7EA8EF851B072B4300C951C4 /* Build configuration list for PBXNativeTarget "moa" */;
			buildPhases = (
				7EA8EF6A1B072B4300C951C4 /* Sources */,
				7EA8EF6B1B072B4300C951C4 /* Frameworks */,
				7EA8EF6C1B072B4300C951C4 /* Headers */,
				7EA8EF6D1B072B4300C951C4 /* Resources */,
			);
			buildRules = (
			);
			dependencies = (
			);
			name = moa;
			productName = Moa;
			productReference = 7EA8EF6F1B072B4300C951C4 /* moa.framework */;
			productType = "com.apple.product-type.framework";
		};
		7EA8EF791B072B4300C951C4 /* moaTests */ = {
			isa = PBXNativeTarget;
			buildConfigurationList = 7EA8EF881B072B4300C951C4 /* Build configuration list for PBXNativeTarget "moaTests" */;
			buildPhases = (
				7EA8EF761B072B4300C951C4 /* Sources */,
				7EA8EF771B072B4300C951C4 /* Frameworks */,
				7EA8EF781B072B4300C951C4 /* Resources */,
				7EA8EF921B07423B00C951C4 /* ShellScript */,
			);
			buildRules = (
			);
			dependencies = (
				7EA8EF7D1B072B4300C951C4 /* PBXTargetDependency */,
			);
			name = moaTests;
			productName = MoaTests;
			productReference = 7EA8EF7A1B072B4300C951C4 /* moaTests.xctest */;
			productType = "com.apple.product-type.bundle.unit-test";
		};
		C417C50C1B18929B00ED71BB /* moa-Mac */ = {
			isa = PBXNativeTarget;
			buildConfigurationList = C417C5241B18929B00ED71BB /* Build configuration list for PBXNativeTarget "moa-Mac" */;
			buildPhases = (
				C417C5081B18929B00ED71BB /* Sources */,
				C417C5091B18929B00ED71BB /* Frameworks */,
				C417C50A1B18929B00ED71BB /* Headers */,
				C417C50B1B18929B00ED71BB /* Resources */,
			);
			buildRules = (
			);
			dependencies = (
			);
			name = "moa-Mac";
			productName = moaosx;
			productReference = C417C50D1B18929B00ED71BB /* moa.framework */;
			productType = "com.apple.product-type.framework";
		};
/* End PBXNativeTarget section */

/* Begin PBXProject section */
		7EA8EF661B072B4300C951C4 /* Project object */ = {
			isa = PBXProject;
			attributes = {
				LastUpgradeCheck = 0640;
				ORGANIZATIONNAME = "Evgenii Neumerzhitckii";
				TargetAttributes = {
					7E0FA6EA1B23CDEB008AA0D6 = {
						CreatedOnToolsVersion = 6.4;
					};
					7E0FA6F71B23CDEB008AA0D6 = {
						CreatedOnToolsVersion = 6.4;
					};
					7E193EE41B1152D40093CD81 = {
						CreatedOnToolsVersion = 6.4;
					};
					7EA8EF6E1B072B4300C951C4 = {
						CreatedOnToolsVersion = 6.4;
					};
					7EA8EF791B072B4300C951C4 = {
						CreatedOnToolsVersion = 6.4;
					};
					C417C50C1B18929B00ED71BB = {
						CreatedOnToolsVersion = 6.3.2;
					};
					C417C52D1B18962D00ED71BB = {
						CreatedOnToolsVersion = 6.3.2;
					};
				};
			};
			buildConfigurationList = 7EA8EF691B072B4300C951C4 /* Build configuration list for PBXProject "moa" */;
			compatibilityVersion = "Xcode 3.2";
			developmentRegion = English;
			hasScannedForEncodings = 0;
			knownRegions = (
				en,
				Base,
			);
			mainGroup = 7EA8EF651B072B4300C951C4;
			productRefGroup = 7EA8EF701B072B4300C951C4 /* Products */;
			projectDirPath = "";
			projectRoot = "";
			targets = (
				7EA8EF6E1B072B4300C951C4 /* moa */,
				7EA8EF791B072B4300C951C4 /* moaTests */,
				7E193EE41B1152D40093CD81 /* Demo */,
				C417C50C1B18929B00ED71BB /* moa-Mac */,
				C417C52D1B18962D00ED71BB /* concatenate_swift_files */,
				7E0FA6EA1B23CDEB008AA0D6 /* Demo WatchKit Extension */,
				7E0FA6F71B23CDEB008AA0D6 /* Demo WatchKit App */,
			);
		};
/* End PBXProject section */

/* Begin PBXResourcesBuildPhase section */
		7E0FA6E91B23CDEB008AA0D6 /* Resources */ = {
			isa = PBXResourcesBuildPhase;
			buildActionMask = 2147483647;
			files = (
				7E0FA6F51B23CDEB008AA0D6 /* Images.xcassets in Resources */,
				7E0FA6F91B23CDEB008AA0D6 /* Demo WatchKit App.app in Resources */,
			);
			runOnlyForDeploymentPostprocessing = 0;
		};
		7E0FA6F61B23CDEB008AA0D6 /* Resources */ = {
			isa = PBXResourcesBuildPhase;
			buildActionMask = 2147483647;
			files = (
				7E0FA7011B23CDEB008AA0D6 /* Interface.storyboard in Resources */,
				7E0FA7031B23CDEB008AA0D6 /* Images.xcassets in Resources */,
			);
			runOnlyForDeploymentPostprocessing = 0;
		};
		7E193EE31B1152D40093CD81 /* Resources */ = {
			isa = PBXResourcesBuildPhase;
			buildActionMask = 2147483647;
			files = (
				7E193EEF1B1152D40093CD81 /* Main.storyboard in Resources */,
				7E193EF41B1152D40093CD81 /* LaunchScreen.xib in Resources */,
				7E693F341B1B15D4000E7156 /* launch_screen.png in Resources */,
				7E193EF11B1152D40093CD81 /* Images.xcassets in Resources */,
			);
			runOnlyForDeploymentPostprocessing = 0;
		};
		7EA8EF6D1B072B4300C951C4 /* Resources */ = {
			isa = PBXResourcesBuildPhase;
			buildActionMask = 2147483647;
			files = (
				7E3877761B10558E001ADD7E /* concatenate_swift_files.sh in Resources */,
			);
			runOnlyForDeploymentPostprocessing = 0;
		};
		7EA8EF781B072B4300C951C4 /* Resources */ = {
			isa = PBXResourcesBuildPhase;
			buildActionMask = 2147483647;
			files = (
				7EE105611B089D9D005C7030 /* 67px.png in Resources */,
				7EA8EF911B07416000C951C4 /* OHHTTPStubs.framework in Resources */,
				7EE105621B089D9D005C7030 /* 96px.png in Resources */,
				7E6FDB581B088E600095C29F /* text.txt in Resources */,
				7EE105601B089D9D005C7030 /* 35px.jpg in Resources */,
			);
			runOnlyForDeploymentPostprocessing = 0;
		};
		C417C50B1B18929B00ED71BB /* Resources */ = {
			isa = PBXResourcesBuildPhase;
			buildActionMask = 2147483647;
			files = (
			);
			runOnlyForDeploymentPostprocessing = 0;
		};
/* End PBXResourcesBuildPhase section */

/* Begin PBXShellScriptBuildPhase section */
		7EA8EF921B07423B00C951C4 /* ShellScript */ = {
			isa = PBXShellScriptBuildPhase;
			buildActionMask = 2147483647;
			files = (
			);
			inputPaths = (
				"$(SRCROOT)/Carthage/Build/iOS/OHHTTPStubs.framework",
			);
			outputPaths = (
			);
			runOnlyForDeploymentPostprocessing = 0;
			shellPath = "/usr/local/bin/carthage copy-frameworks";
			shellScript = "";
		};
/* End PBXShellScriptBuildPhase section */

/* Begin PBXSourcesBuildPhase section */
		7E0FA6E71B23CDEB008AA0D6 /* Sources */ = {
			isa = PBXSourcesBuildPhase;
			buildActionMask = 2147483647;
			files = (
				7E0FA7161B23D4EF008AA0D6 /* iiRandom.swift in Sources */,
				7E0FA6F31B23CDEB008AA0D6 /* NotificationController.swift in Sources */,
				7E0FA7151B23D4A2008AA0D6 /* RandomImageUrl.swift in Sources */,
				7E0FA6F11B23CDEB008AA0D6 /* InterfaceController.swift in Sources */,
			);
			runOnlyForDeploymentPostprocessing = 0;
		};
		7E193EE11B1152D40093CD81 /* Sources */ = {
			isa = PBXSourcesBuildPhase;
			buildActionMask = 2147483647;
			files = (
				7E193F0C1B11587D0093CD81 /* CollectionViewCell.swift in Sources */,
				7E193EEC1B1152D40093CD81 /* ViewController.swift in Sources */,
				7E193F081B1154930093CD81 /* CollectionViewDataSource.swift in Sources */,
				7E193EEA1B1152D40093CD81 /* AppDelegate.swift in Sources */,
				7E193F1E1B1160A30093CD81 /* iiRandom.swift in Sources */,
				7E193F0A1B11559B0093CD81 /* AppConstants.swift in Sources */,
				7E193F1C1B1160240093CD81 /* RandomImageUrl.swift in Sources */,
				7E193F0F1B11596B0093CD81 /* MoaColor.swift in Sources */,
			);
			runOnlyForDeploymentPostprocessing = 0;
		};
		7EA8EF6A1B072B4300C951C4 /* Sources */ = {
			isa = PBXSourcesBuildPhase;
			buildActionMask = 2147483647;
			files = (
				7EA515791B0FF2AB00FEFB07 /* MoaHttpErrors.swift in Sources */,
				7E0FA7141B23D203008AA0D6 /* WKInterfaceImage+moa.swift in Sources */,
				7EA8EF941B08454B00C951C4 /* ImageView+moa.swift in Sources */,
				7EBCC1C91B1B33AF00BC9569 /* MoaSettings.swift in Sources */,
				7EBCC1CC1B1B392700BC9569 /* MoaHttpSession.swift in Sources */,
				7EA8EFB01B087A5200C951C4 /* MoaHttpImage.swift in Sources */,
				7EBCC1D21B1B3F2E00BC9569 /* MoaSettingsCache.swift in Sources */,
				7EA5157E1B0FF6D700FEFB07 /* MoaHttpImageErrors.swift in Sources */,
				7EA8EFA81B0858DD00C951C4 /* Moa.swift in Sources */,
				7EA8EFAE1B08791500C951C4 /* MoaHttp.swift in Sources */,
				7EA8EFB21B087D4A00C951C4 /* MoaImageDownloader.swift in Sources */,
			);
			runOnlyForDeploymentPostprocessing = 0;
		};
		7EA8EF761B072B4300C951C4 /* Sources */ = {
			isa = PBXSourcesBuildPhase;
			buildActionMask = 2147483647;
			files = (
				7E7541141B0D3DF000AC0FC7 /* MoaHttpTests.swift in Sources */,
				7EA8EFA01B084D7D00C951C4 /* MoaTimer.swift in Sources */,
				7E3694B01B1B430300AABE3F /* MoaSettingsTests.swift in Sources */,
				7EBCC1D31B1B3F9D00BC9569 /* MoaSettingsCache.swift in Sources */,
				7EA5157F1B0FF80800FEFB07 /* MoaHttpImageErrors.swift in Sources */,
				7E7541071B0D3C5100AC0FC7 /* Moa.swift in Sources */,
				7EA8EF821B072B4300C951C4 /* UIImageView+moaTests.swift in Sources */,
				7E7541101B0D3DB700AC0FC7 /* MoaCancelDownloadTests.swift in Sources */,
				7EBCC1CD1B1B3A9E00BC9569 /* MoaHttpSession.swift in Sources */,
				7EBCC1CA1B1B373B00BC9569 /* MoaSettings.swift in Sources */,
				7EA5157C1B0FF46700FEFB07 /* MoaHttpImageTests.swift in Sources */,
				7E7541121B0D3DB700AC0FC7 /* MoaWithImageViewTests.swift in Sources */,
				7E7541081B0D3C5800AC0FC7 /* MoaImageDownloader.swift in Sources */,
				7E75410B1B0D3CA300AC0FC7 /* ImageView+moa.swift in Sources */,
				7EA515831B1002BE00FEFB07 /* MoaImageDownloaderTests.swift in Sources */,
				7E7541111B0D3DB700AC0FC7 /* MoaDownloadTests.swift in Sources */,
				7E7541091B0D3C6200AC0FC7 /* MoaHttpImage.swift in Sources */,
				7E8B43911B23DD180085A9DE /* WKInterfaceImage+moa.swift in Sources */,
				7EA8EF991B08481800C951C4 /* MoaString.swift in Sources */,
				7E3694B31B1B436600AABE3F /* MoaHttpSessionTests.swift in Sources */,
				7E75410A1B0D3C7700AC0FC7 /* MoaHttp.swift in Sources */,
				7EBCC1D01B1B3EE200BC9569 /* MoaSettingsCacheTests.swift in Sources */,
				7EA5157A1B0FF2F600FEFB07 /* MoaHttpErrors.swift in Sources */,
				7E7D251D1B0E8F3500515EE4 /* XCTestCase+eventually.swift in Sources */,
				7EA515811B0FFBED00FEFB07 /* MoaTest.swift in Sources */,
				7EA8EF9B1B08484000C951C4 /* StubHttp.swift in Sources */,
			);
			runOnlyForDeploymentPostprocessing = 0;
		};
		C417C5081B18929B00ED71BB /* Sources */ = {
			isa = PBXSourcesBuildPhase;
			buildActionMask = 2147483647;
			files = (
				7E30CDFB1B22766700F6258E /* MoaHttpSession.swift in Sources */,
				7E30CDFD1B22767100F6258E /* MoaSettingsCache.swift in Sources */,
				7E8B43961B23E0DC0085A9DE /* WKInterfaceImage+moa.swift in Sources */,
				C417C52B1B1892C600ED71BB /* MoaImageDownloader.swift in Sources */,
				C417C52C1B18954400ED71BB /* ImageView+moa.swift in Sources */,
				7E30CDFC1B22766B00F6258E /* MoaSettings.swift in Sources */,
				C417C5281B1892C600ED71BB /* MoaHttpErrors.swift in Sources */,
				C417C5291B1892C600ED71BB /* MoaHttpImage.swift in Sources */,
				C417C52A1B1892C600ED71BB /* MoaHttpImageErrors.swift in Sources */,
				C417C5261B1892C600ED71BB /* Moa.swift in Sources */,
				C417C5271B1892C600ED71BB /* MoaHttp.swift in Sources */,
			);
			runOnlyForDeploymentPostprocessing = 0;
		};
/* End PBXSourcesBuildPhase section */

/* Begin PBXTargetDependency section */
		7E0FA6FB1B23CDEB008AA0D6 /* PBXTargetDependency */ = {
			isa = PBXTargetDependency;
			target = 7E0FA6F71B23CDEB008AA0D6 /* Demo WatchKit App */;
			targetProxy = 7E0FA6FA1B23CDEB008AA0D6 /* PBXContainerItemProxy */;
		};
		7E0FA7051B23CDEB008AA0D6 /* PBXTargetDependency */ = {
			isa = PBXTargetDependency;
			target = 7E0FA6EA1B23CDEB008AA0D6 /* Demo WatchKit Extension */;
			targetProxy = 7E0FA7041B23CDEB008AA0D6 /* PBXContainerItemProxy */;
		};
		7E0FA7111B23CEB5008AA0D6 /* PBXTargetDependency */ = {
			isa = PBXTargetDependency;
			target = 7EA8EF6E1B072B4300C951C4 /* moa */;
			targetProxy = 7E0FA7101B23CEB5008AA0D6 /* PBXContainerItemProxy */;
		};
		7EA8EF7D1B072B4300C951C4 /* PBXTargetDependency */ = {
			isa = PBXTargetDependency;
			target = 7EA8EF6E1B072B4300C951C4 /* moa */;
			targetProxy = 7EA8EF7C1B072B4300C951C4 /* PBXContainerItemProxy */;
		};
		7EEB25801B116CCC00E606C1 /* PBXTargetDependency */ = {
			isa = PBXTargetDependency;
			target = 7EA8EF6E1B072B4300C951C4 /* moa */;
			targetProxy = 7EEB257F1B116CCC00E606C1 /* PBXContainerItemProxy */;
		};
/* End PBXTargetDependency section */

/* Begin PBXVariantGroup section */
		7E0FA6FF1B23CDEB008AA0D6 /* Interface.storyboard */ = {
			isa = PBXVariantGroup;
			children = (
				7E0FA7001B23CDEB008AA0D6 /* Base */,
			);
			name = Interface.storyboard;
			sourceTree = "<group>";
		};
		7E193EED1B1152D40093CD81 /* Main.storyboard */ = {
			isa = PBXVariantGroup;
			children = (
				7E193EEE1B1152D40093CD81 /* Base */,
			);
			name = Main.storyboard;
			sourceTree = "<group>";
		};
		7E193EF21B1152D40093CD81 /* LaunchScreen.xib */ = {
			isa = PBXVariantGroup;
			children = (
				7E193EF31B1152D40093CD81 /* Base */,
			);
			name = LaunchScreen.xib;
			sourceTree = "<group>";
		};
/* End PBXVariantGroup section */

/* Begin XCBuildConfiguration section */
		7E0FA7071B23CDEB008AA0D6 /* Debug */ = {
			isa = XCBuildConfiguration;
			buildSettings = {
				GCC_PREPROCESSOR_DEFINITIONS = (
					"DEBUG=1",
					"$(inherited)",
				);
				INFOPLIST_FILE = "Demo WatchKit Extension/Info.plist";
				IPHONEOS_DEPLOYMENT_TARGET = 8.2;
				LD_RUNPATH_SEARCH_PATHS = "$(inherited) @executable_path/Frameworks @executable_path/../../Frameworks";
				PRODUCT_NAME = "${TARGET_NAME}";
				SKIP_INSTALL = YES;
			};
			name = Debug;
		};
		7E0FA7081B23CDEB008AA0D6 /* Release */ = {
			isa = XCBuildConfiguration;
			buildSettings = {
				INFOPLIST_FILE = "Demo WatchKit Extension/Info.plist";
				IPHONEOS_DEPLOYMENT_TARGET = 8.2;
				LD_RUNPATH_SEARCH_PATHS = "$(inherited) @executable_path/Frameworks @executable_path/../../Frameworks";
				PRODUCT_NAME = "${TARGET_NAME}";
				SKIP_INSTALL = YES;
			};
			name = Release;
		};
		7E0FA7091B23CDEB008AA0D6 /* Debug */ = {
			isa = XCBuildConfiguration;
			buildSettings = {
				ASSETCATALOG_COMPILER_APPICON_NAME = AppIcon;
				GCC_PREPROCESSOR_DEFINITIONS = (
					"DEBUG=1",
					"$(inherited)",
				);
				IBSC_MODULE = Demo_WatchKit_Extension;
				INFOPLIST_FILE = "Demo WatchKit App/Info.plist";
				IPHONEOS_DEPLOYMENT_TARGET = 8.2;
				PRODUCT_NAME = "$(TARGET_NAME)";
				SKIP_INSTALL = YES;
				TARGETED_DEVICE_FAMILY = 4;
				"TARGETED_DEVICE_FAMILY[sdk=iphonesimulator*]" = "1,4";
			};
			name = Debug;
		};
		7E0FA70A1B23CDEB008AA0D6 /* Release */ = {
			isa = XCBuildConfiguration;
			buildSettings = {
				ASSETCATALOG_COMPILER_APPICON_NAME = AppIcon;
				IBSC_MODULE = Demo_WatchKit_Extension;
				INFOPLIST_FILE = "Demo WatchKit App/Info.plist";
				IPHONEOS_DEPLOYMENT_TARGET = 8.2;
				PRODUCT_NAME = "$(TARGET_NAME)";
				SKIP_INSTALL = YES;
				TARGETED_DEVICE_FAMILY = 4;
				"TARGETED_DEVICE_FAMILY[sdk=iphonesimulator*]" = "1,4";
			};
			name = Release;
		};
		7E193F011B1152D40093CD81 /* Debug */ = {
			isa = XCBuildConfiguration;
			buildSettings = {
				ASSETCATALOG_COMPILER_APPICON_NAME = AppIcon;
				GCC_PREPROCESSOR_DEFINITIONS = (
					"DEBUG=1",
					"$(inherited)",
				);
				INFOPLIST_FILE = Demo/Info.plist;
				LD_RUNPATH_SEARCH_PATHS = "$(inherited) @executable_path/Frameworks";
				PRODUCT_NAME = "$(TARGET_NAME)";
			};
			name = Debug;
		};
		7E193F021B1152D40093CD81 /* Release */ = {
			isa = XCBuildConfiguration;
			buildSettings = {
				ASSETCATALOG_COMPILER_APPICON_NAME = AppIcon;
				INFOPLIST_FILE = Demo/Info.plist;
				LD_RUNPATH_SEARCH_PATHS = "$(inherited) @executable_path/Frameworks";
				PRODUCT_NAME = "$(TARGET_NAME)";
			};
			name = Release;
		};
		7EA8EF831B072B4300C951C4 /* Debug */ = {
			isa = XCBuildConfiguration;
			buildSettings = {
				ALWAYS_SEARCH_USER_PATHS = NO;
				CLANG_CXX_LANGUAGE_STANDARD = "gnu++0x";
				CLANG_CXX_LIBRARY = "libc++";
				CLANG_ENABLE_MODULES = YES;
				CLANG_ENABLE_OBJC_ARC = YES;
				CLANG_WARN_BOOL_CONVERSION = YES;
				CLANG_WARN_CONSTANT_CONVERSION = YES;
				CLANG_WARN_DIRECT_OBJC_ISA_USAGE = YES_ERROR;
				CLANG_WARN_EMPTY_BODY = YES;
				CLANG_WARN_ENUM_CONVERSION = YES;
				CLANG_WARN_INT_CONVERSION = YES;
				CLANG_WARN_OBJC_ROOT_CLASS = YES_ERROR;
				CLANG_WARN_UNREACHABLE_CODE = YES;
				CLANG_WARN__DUPLICATE_METHOD_MATCH = YES;
				"CODE_SIGN_IDENTITY[sdk=iphoneos*]" = "iPhone Developer";
				COPY_PHASE_STRIP = NO;
				CURRENT_PROJECT_VERSION = 1;
				DEBUG_INFORMATION_FORMAT = "dwarf-with-dsym";
				ENABLE_STRICT_OBJC_MSGSEND = YES;
				GCC_C_LANGUAGE_STANDARD = gnu99;
				GCC_DYNAMIC_NO_PIC = NO;
				GCC_NO_COMMON_BLOCKS = YES;
				GCC_OPTIMIZATION_LEVEL = 0;
				GCC_PREPROCESSOR_DEFINITIONS = (
					"DEBUG=1",
					"$(inherited)",
				);
				GCC_SYMBOLS_PRIVATE_EXTERN = NO;
				GCC_WARN_64_TO_32_BIT_CONVERSION = YES;
				GCC_WARN_ABOUT_RETURN_TYPE = YES_ERROR;
				GCC_WARN_UNDECLARED_SELECTOR = YES;
				GCC_WARN_UNINITIALIZED_AUTOS = YES_AGGRESSIVE;
				GCC_WARN_UNUSED_FUNCTION = YES;
				GCC_WARN_UNUSED_VARIABLE = YES;
				IPHONEOS_DEPLOYMENT_TARGET = 8.0;
				MTL_ENABLE_DEBUG_INFO = YES;
				ONLY_ACTIVE_ARCH = YES;
				SDKROOT = iphoneos;
				SWIFT_OPTIMIZATION_LEVEL = "-Onone";
				TARGETED_DEVICE_FAMILY = "1,2";
				VERSIONING_SYSTEM = "apple-generic";
				VERSION_INFO_PREFIX = "";
			};
			name = Debug;
		};
		7EA8EF841B072B4300C951C4 /* Release */ = {
			isa = XCBuildConfiguration;
			buildSettings = {
				ALWAYS_SEARCH_USER_PATHS = NO;
				CLANG_CXX_LANGUAGE_STANDARD = "gnu++0x";
				CLANG_CXX_LIBRARY = "libc++";
				CLANG_ENABLE_MODULES = YES;
				CLANG_ENABLE_OBJC_ARC = YES;
				CLANG_WARN_BOOL_CONVERSION = YES;
				CLANG_WARN_CONSTANT_CONVERSION = YES;
				CLANG_WARN_DIRECT_OBJC_ISA_USAGE = YES_ERROR;
				CLANG_WARN_EMPTY_BODY = YES;
				CLANG_WARN_ENUM_CONVERSION = YES;
				CLANG_WARN_INT_CONVERSION = YES;
				CLANG_WARN_OBJC_ROOT_CLASS = YES_ERROR;
				CLANG_WARN_UNREACHABLE_CODE = YES;
				CLANG_WARN__DUPLICATE_METHOD_MATCH = YES;
				"CODE_SIGN_IDENTITY[sdk=iphoneos*]" = "iPhone Developer";
				COPY_PHASE_STRIP = NO;
				CURRENT_PROJECT_VERSION = 1;
				DEBUG_INFORMATION_FORMAT = "dwarf-with-dsym";
				ENABLE_NS_ASSERTIONS = NO;
				ENABLE_STRICT_OBJC_MSGSEND = YES;
				GCC_C_LANGUAGE_STANDARD = gnu99;
				GCC_NO_COMMON_BLOCKS = YES;
				GCC_WARN_64_TO_32_BIT_CONVERSION = YES;
				GCC_WARN_ABOUT_RETURN_TYPE = YES_ERROR;
				GCC_WARN_UNDECLARED_SELECTOR = YES;
				GCC_WARN_UNINITIALIZED_AUTOS = YES_AGGRESSIVE;
				GCC_WARN_UNUSED_FUNCTION = YES;
				GCC_WARN_UNUSED_VARIABLE = YES;
				IPHONEOS_DEPLOYMENT_TARGET = 8.0;
				MTL_ENABLE_DEBUG_INFO = NO;
				SDKROOT = iphoneos;
				TARGETED_DEVICE_FAMILY = "1,2";
				VALIDATE_PRODUCT = YES;
				VERSIONING_SYSTEM = "apple-generic";
				VERSION_INFO_PREFIX = "";
			};
			name = Release;
		};
		7EA8EF861B072B4300C951C4 /* Debug */ = {
			isa = XCBuildConfiguration;
			buildSettings = {
				CLANG_ENABLE_MODULES = YES;
				DEFINES_MODULE = YES;
				DYLIB_COMPATIBILITY_VERSION = 1;
				DYLIB_CURRENT_VERSION = 1;
				DYLIB_INSTALL_NAME_BASE = "@rpath";
				FRAMEWORK_SEARCH_PATHS = (
					"$(inherited)",
					"$(PROJECT_DIR)/Frameworks",
					"$(PROJECT_DIR)/Carthage/Build/iOS",
				);
				INFOPLIST_FILE = Moa/Info.plist;
				INSTALL_PATH = "$(LOCAL_LIBRARY_DIR)/Frameworks";
				LD_RUNPATH_SEARCH_PATHS = "$(inherited) @executable_path/Frameworks @loader_path/Frameworks";
				PRODUCT_NAME = moa;
				SKIP_INSTALL = YES;
				SWIFT_OPTIMIZATION_LEVEL = "-Onone";
			};
			name = Debug;
		};
		7EA8EF871B072B4300C951C4 /* Release */ = {
			isa = XCBuildConfiguration;
			buildSettings = {
				CLANG_ENABLE_MODULES = YES;
				DEFINES_MODULE = YES;
				DYLIB_COMPATIBILITY_VERSION = 1;
				DYLIB_CURRENT_VERSION = 1;
				DYLIB_INSTALL_NAME_BASE = "@rpath";
				FRAMEWORK_SEARCH_PATHS = (
					"$(inherited)",
					"$(PROJECT_DIR)/Frameworks",
					"$(PROJECT_DIR)/Carthage/Build/iOS",
				);
				INFOPLIST_FILE = Moa/Info.plist;
				INSTALL_PATH = "$(LOCAL_LIBRARY_DIR)/Frameworks";
				LD_RUNPATH_SEARCH_PATHS = "$(inherited) @executable_path/Frameworks @loader_path/Frameworks";
				PRODUCT_NAME = moa;
				SKIP_INSTALL = YES;
			};
			name = Release;
		};
		7EA8EF891B072B4300C951C4 /* Debug */ = {
			isa = XCBuildConfiguration;
			buildSettings = {
				FRAMEWORK_SEARCH_PATHS = (
					"$(SDKROOT)/Developer/Library/Frameworks",
					"$(inherited)",
					"$(PROJECT_DIR)/Carthage/Build/iOS",
				);
				GCC_PREPROCESSOR_DEFINITIONS = (
					"DEBUG=1",
					"$(inherited)",
				);
				INFOPLIST_FILE = MoaTests/Info.plist;
				LD_RUNPATH_SEARCH_PATHS = "$(inherited) @executable_path/Frameworks @loader_path/Frameworks";
				PRODUCT_NAME = moaTests;
			};
			name = Debug;
		};
		7EA8EF8A1B072B4300C951C4 /* Release */ = {
			isa = XCBuildConfiguration;
			buildSettings = {
				FRAMEWORK_SEARCH_PATHS = (
					"$(SDKROOT)/Developer/Library/Frameworks",
					"$(inherited)",
					"$(PROJECT_DIR)/Carthage/Build/iOS",
				);
				INFOPLIST_FILE = MoaTests/Info.plist;
				LD_RUNPATH_SEARCH_PATHS = "$(inherited) @executable_path/Frameworks @loader_path/Frameworks";
				PRODUCT_NAME = moaTests;
			};
			name = Release;
		};
		C417C5201B18929B00ED71BB /* Debug */ = {
			isa = XCBuildConfiguration;
			buildSettings = {
				COMBINE_HIDPI_IMAGES = YES;
				DEBUG_INFORMATION_FORMAT = dwarf;
				DEFINES_MODULE = YES;
				DYLIB_COMPATIBILITY_VERSION = 1;
				DYLIB_CURRENT_VERSION = 1;
				DYLIB_INSTALL_NAME_BASE = "@rpath";
				FRAMEWORK_VERSION = A;
				GCC_PREPROCESSOR_DEFINITIONS = (
					"DEBUG=1",
					"$(inherited)",
				);
				INFOPLIST_FILE = moaosx/Info.plist;
				INSTALL_PATH = "$(LOCAL_LIBRARY_DIR)/Frameworks";
				LD_RUNPATH_SEARCH_PATHS = "$(inherited) @executable_path/../Frameworks @loader_path/Frameworks";
				MACOSX_DEPLOYMENT_TARGET = 10.10;
				PRODUCT_NAME = moa;
				SDKROOT = macosx;
				SKIP_INSTALL = YES;
			};
			name = Debug;
		};
		C417C5211B18929B00ED71BB /* Release */ = {
			isa = XCBuildConfiguration;
			buildSettings = {
				COMBINE_HIDPI_IMAGES = YES;
				DEFINES_MODULE = YES;
				DYLIB_COMPATIBILITY_VERSION = 1;
				DYLIB_CURRENT_VERSION = 1;
				DYLIB_INSTALL_NAME_BASE = "@rpath";
				FRAMEWORK_VERSION = A;
				INFOPLIST_FILE = moaosx/Info.plist;
				INSTALL_PATH = "$(LOCAL_LIBRARY_DIR)/Frameworks";
				LD_RUNPATH_SEARCH_PATHS = "$(inherited) @executable_path/../Frameworks @loader_path/Frameworks";
				MACOSX_DEPLOYMENT_TARGET = 10.10;
				PRODUCT_NAME = moa;
				SDKROOT = macosx;
				SKIP_INSTALL = YES;
			};
			name = Release;
		};
		C417C52F1B18962D00ED71BB /* Debug */ = {
			isa = XCBuildConfiguration;
			buildSettings = {
				DEBUGGING_SYMBOLS = YES;
				DEBUG_INFORMATION_FORMAT = dwarf;
				GCC_GENERATE_DEBUGGING_SYMBOLS = YES;
				GCC_OPTIMIZATION_LEVEL = 0;
				GCC_PREPROCESSOR_DEFINITIONS = (
					"DEBUG=1",
					"$(inherited)",
				);
				MACOSX_DEPLOYMENT_TARGET = 10.10;
				OTHER_CFLAGS = "";
				OTHER_LDFLAGS = "";
				PRODUCT_NAME = "$(TARGET_NAME)";
				SDKROOT = macosx;
			};
			name = Debug;
		};
		C417C5301B18962D00ED71BB /* Release */ = {
			isa = XCBuildConfiguration;
			buildSettings = {
				MACOSX_DEPLOYMENT_TARGET = 10.10;
				OTHER_CFLAGS = "";
				OTHER_LDFLAGS = "";
				PRODUCT_NAME = "$(TARGET_NAME)";
				SDKROOT = macosx;
			};
			name = Release;
		};
/* End XCBuildConfiguration section */

/* Begin XCConfigurationList section */
		7E0FA70B1B23CDEB008AA0D6 /* Build configuration list for PBXNativeTarget "Demo WatchKit App" */ = {
			isa = XCConfigurationList;
			buildConfigurations = (
				7E0FA7091B23CDEB008AA0D6 /* Debug */,
				7E0FA70A1B23CDEB008AA0D6 /* Release */,
			);
			defaultConfigurationIsVisible = 0;
			defaultConfigurationName = Release;
		};
		7E0FA70C1B23CDEB008AA0D6 /* Build configuration list for PBXNativeTarget "Demo WatchKit Extension" */ = {
			isa = XCConfigurationList;
			buildConfigurations = (
				7E0FA7071B23CDEB008AA0D6 /* Debug */,
				7E0FA7081B23CDEB008AA0D6 /* Release */,
			);
			defaultConfigurationIsVisible = 0;
			defaultConfigurationName = Release;
		};
		7E193F051B1152D40093CD81 /* Build configuration list for PBXNativeTarget "Demo" */ = {
			isa = XCConfigurationList;
			buildConfigurations = (
				7E193F011B1152D40093CD81 /* Debug */,
				7E193F021B1152D40093CD81 /* Release */,
			);
			defaultConfigurationIsVisible = 0;
			defaultConfigurationName = Release;
		};
		7EA8EF691B072B4300C951C4 /* Build configuration list for PBXProject "moa" */ = {
			isa = XCConfigurationList;
			buildConfigurations = (
				7EA8EF831B072B4300C951C4 /* Debug */,
				7EA8EF841B072B4300C951C4 /* Release */,
			);
			defaultConfigurationIsVisible = 0;
			defaultConfigurationName = Release;
		};
		7EA8EF851B072B4300C951C4 /* Build configuration list for PBXNativeTarget "moa" */ = {
			isa = XCConfigurationList;
			buildConfigurations = (
				7EA8EF861B072B4300C951C4 /* Debug */,
				7EA8EF871B072B4300C951C4 /* Release */,
			);
			defaultConfigurationIsVisible = 0;
			defaultConfigurationName = Release;
		};
		7EA8EF881B072B4300C951C4 /* Build configuration list for PBXNativeTarget "moaTests" */ = {
			isa = XCConfigurationList;
			buildConfigurations = (
				7EA8EF891B072B4300C951C4 /* Debug */,
				7EA8EF8A1B072B4300C951C4 /* Release */,
			);
			defaultConfigurationIsVisible = 0;
			defaultConfigurationName = Release;
		};
		C417C5241B18929B00ED71BB /* Build configuration list for PBXNativeTarget "moa-Mac" */ = {
			isa = XCConfigurationList;
			buildConfigurations = (
				C417C5201B18929B00ED71BB /* Debug */,
				C417C5211B18929B00ED71BB /* Release */,
			);
			defaultConfigurationIsVisible = 0;
			defaultConfigurationName = Release;
		};
		C417C52E1B18962D00ED71BB /* Build configuration list for PBXLegacyTarget "concatenate_swift_files" */ = {
			isa = XCConfigurationList;
			buildConfigurations = (
				C417C52F1B18962D00ED71BB /* Debug */,
				C417C5301B18962D00ED71BB /* Release */,
			);
			defaultConfigurationIsVisible = 0;
			defaultConfigurationName = Release;
		};
/* End XCConfigurationList section */
	};
	rootObject = 7EA8EF661B072B4300C951C4 /* Project object */;
}
